
Microsoft Visual Studio Solution File, Format Version 12.00
# Visual Studio 14
VisualStudioVersion = 14.0.25420.1
MinimumVisualStudioVersion = 10.0.40219.1
Project("{FAE04EC0-301F-11D3-BF4B-00C04F79EFBC}") = "Observer-API", "Observer-API\Observer-API.csproj", "{6FC4F496-0779-4C94-85F3-6534D8B4E9DA}"
EndProject
Project("{FAE04EC0-301F-11D3-BF4B-00C04F79EFBC}") = "ObserverAPI", "ObserverAPI\ObserverAPI.csproj", "{13FCD147-5E1D-42B2-BED1-34EB3C2ED3F4}"
EndProject
Global
	GlobalSection(SolutionConfigurationPlatforms) = preSolution
		Debug|Any CPU = Debug|Any CPU
		Release|Any CPU = Release|Any CPU
	EndGlobalSection
	GlobalSection(ProjectConfigurationPlatforms) = postSolution
		{6FC4F496-0779-4C94-85F3-6534D8B4E9DA}.Debug|Any CPU.ActiveCfg = Debug|Any CPU
		{6FC4F496-0779-4C94-85F3-6534D8B4E9DA}.Debug|Any CPU.Build.0 = Debug|Any CPU
		{6FC4F496-0779-4C94-85F3-6534D8B4E9DA}.Release|Any CPU.ActiveCfg = Release|Any CPU
		{6FC4F496-0779-4C94-85F3-6534D8B4E9DA}.Release|Any CPU.Build.0 = Release|Any CPU
		{13FCD147-5E1D-42B2-BED1-34EB3C2ED3F4}.Debug|Any CPU.ActiveCfg = Debug|Any CPU
		{13FCD147-5E1D-42B2-BED1-34EB3C2ED3F4}.Debug|Any CPU.Build.0 = Debug|Any CPU
		{13FCD147-5E1D-42B2-BED1-34EB3C2ED3F4}.Release|Any CPU.ActiveCfg = Release|Any CPU
		{13FCD147-5E1D-42B2-BED1-34EB3C2ED3F4}.Release|Any CPU.Build.0 = Release|Any CPU
	EndGlobalSection
	GlobalSection(SolutionProperties) = preSolution
		HideSolutionNode = FALSE
	EndGlobalSection
EndGlobal
